
Microsoft Visual Studio Solution File, Format Version 12.00
# Visual Studio 15
VisualStudioVersion = 15.0.27004.2009
MinimumVisualStudioVersion = 10.0.40219.1
Project("{FAE04EC0-301F-11D3-BF4B-00C04F79EFBC}") = "CEXEngineAndroid", "CEXEngineAndroid\CEXEngineAndroid.csproj", "{C9252AC5-204B-4112-96D3-67A3E3A6A252}"
EndProject
Project("{FAE04EC0-301F-11D3-BF4B-00C04F79EFBC}") = "Speed", "Speed\Speed.csproj", "{5F330FAB-980C-4ACA-B16C-88E35ED477F0}"
EndProject
Project("{FAE04EC0-301F-11D3-BF4B-00C04F79EFBC}") = "OTRAndroid", "OTRAndroid\OTRAndroid.csproj", "{4A0EE11D-4F51-4119-A1CB-917020F6F246}"
EndProject
Project("{FAE04EC0-301F-11D3-BF4B-00C04F79EFBC}") = "OTRAndroidClient", "OTRAndroidClient\OTRAndroidClient.csproj", "{428D5E34-D862-456F-A65D-C7C0D2FC7A2F}"
EndProject
Project("{FAE04EC0-301F-11D3-BF4B-00C04F79EFBC}") = "SignalRChat", "SignalRChat\SignalRChat.csproj", "{D43E0B39-D610-4510-AB42-C778E2B99D94}"
EndProject
Global
	GlobalSection(SolutionConfigurationPlatforms) = preSolution
		Debug|Any CPU = Debug|Any CPU
		Debug|x64 = Debug|x64
		Debug|x86 = Debug|x86
		Release|Any CPU = Release|Any CPU
		Release|x64 = Release|x64
		Release|x86 = Release|x86
	EndGlobalSection
	GlobalSection(ProjectConfigurationPlatforms) = postSolution
		{C9252AC5-204B-4112-96D3-67A3E3A6A252}.Debug|Any CPU.ActiveCfg = Debug|Any CPU
		{C9252AC5-204B-4112-96D3-67A3E3A6A252}.Debug|Any CPU.Build.0 = Debug|Any CPU
		{C9252AC5-204B-4112-96D3-67A3E3A6A252}.Debug|x64.ActiveCfg = Debug|Any CPU
		{C9252AC5-204B-4112-96D3-67A3E3A6A252}.Debug|x64.Build.0 = Debug|Any CPU
		{C9252AC5-204B-4112-96D3-67A3E3A6A252}.Debug|x86.ActiveCfg = Debug|Any CPU
		{C9252AC5-204B-4112-96D3-67A3E3A6A252}.Debug|x86.Build.0 = Debug|Any CPU
		{C9252AC5-204B-4112-96D3-67A3E3A6A252}.Release|Any CPU.ActiveCfg = Release|Any CPU
		{C9252AC5-204B-4112-96D3-67A3E3A6A252}.Release|Any CPU.Build.0 = Release|Any CPU
		{C9252AC5-204B-4112-96D3-67A3E3A6A252}.Release|x64.ActiveCfg = Release|Any CPU
		{C9252AC5-204B-4112-96D3-67A3E3A6A252}.Release|x64.Build.0 = Release|Any CPU
		{C9252AC5-204B-4112-96D3-67A3E3A6A252}.Release|x86.ActiveCfg = Release|Any CPU
		{C9252AC5-204B-4112-96D3-67A3E3A6A252}.Release|x86.Build.0 = Release|Any CPU
		{5F330FAB-980C-4ACA-B16C-88E35ED477F0}.Debug|Any CPU.ActiveCfg = Debug|Any CPU
		{5F330FAB-980C-4ACA-B16C-88E35ED477F0}.Debug|Any CPU.Build.0 = Debug|Any CPU
		{5F330FAB-980C-4ACA-B16C-88E35ED477F0}.Debug|x64.ActiveCfg = Debug|Any CPU
		{5F330FAB-980C-4ACA-B16C-88E35ED477F0}.Debug|x64.Build.0 = Debug|Any CPU
		{5F330FAB-980C-4ACA-B16C-88E35ED477F0}.Debug|x86.ActiveCfg = Debug|x86
		{5F330FAB-980C-4ACA-B16C-88E35ED477F0}.Debug|x86.Build.0 = Debug|x86
		{5F330FAB-980C-4ACA-B16C-88E35ED477F0}.Release|Any CPU.ActiveCfg = Release|Any CPU
		{5F330FAB-980C-4ACA-B16C-88E35ED477F0}.Release|Any CPU.Build.0 = Release|Any CPU
		{5F330FAB-980C-4ACA-B16C-88E35ED477F0}.Release|x64.ActiveCfg = Release|Any CPU
		{5F330FAB-980C-4ACA-B16C-88E35ED477F0}.Release|x64.Build.0 = Release|Any CPU
		{5F330FAB-980C-4ACA-B16C-88E35ED477F0}.Release|x86.ActiveCfg = Release|x86
		{5F330FAB-980C-4ACA-B16C-88E35ED477F0}.Release|x86.Build.0 = Release|x86
		{4A0EE11D-4F51-4119-A1CB-917020F6F246}.Debug|Any CPU.ActiveCfg = Debug|Any CPU
		{4A0EE11D-4F51-4119-A1CB-917020F6F246}.Debug|Any CPU.Build.0 = Debug|Any CPU
		{4A0EE11D-4F51-4119-A1CB-917020F6F246}.Debug|Any CPU.Deploy.0 = Debug|Any CPU
		{4A0EE11D-4F51-4119-A1CB-917020F6F246}.Debug|x64.ActiveCfg = Debug|Any CPU
		{4A0EE11D-4F51-4119-A1CB-917020F6F246}.Debug|x64.Build.0 = Debug|Any CPU
		{4A0EE11D-4F51-4119-A1CB-917020F6F246}.Debug|x64.Deploy.0 = Debug|Any CPU
		{4A0EE11D-4F51-4119-A1CB-917020F6F246}.Debug|x86.ActiveCfg = Debug|Any CPU
		{4A0EE11D-4F51-4119-A1CB-917020F6F246}.Debug|x86.Build.0 = Debug|Any CPU
		{4A0EE11D-4F51-4119-A1CB-917020F6F246}.Debug|x86.Deploy.0 = Debug|Any CPU
		{4A0EE11D-4F51-4119-A1CB-917020F6F246}.Release|Any CPU.ActiveCfg = Release|Any CPU
		{4A0EE11D-4F51-4119-A1CB-917020F6F246}.Release|Any CPU.Build.0 = Release|Any CPU
		{4A0EE11D-4F51-4119-A1CB-917020F6F246}.Release|Any CPU.Deploy.0 = Release|Any CPU
		{4A0EE11D-4F51-4119-A1CB-917020F6F246}.Release|x64.ActiveCfg = Release|Any CPU
		{4A0EE11D-4F51-4119-A1CB-917020F6F246}.Release|x64.Build.0 = Release|Any CPU
		{4A0EE11D-4F51-4119-A1CB-917020F6F246}.Release|x64.Deploy.0 = Release|Any CPU
		{4A0EE11D-4F51-4119-A1CB-917020F6F246}.Release|x86.ActiveCfg = Release|Any CPU
		{4A0EE11D-4F51-4119-A1CB-917020F6F246}.Release|x86.Build.0 = Release|Any CPU
		{4A0EE11D-4F51-4119-A1CB-917020F6F246}.Release|x86.Deploy.0 = Release|Any CPU
		{428D5E34-D862-456F-A65D-C7C0D2FC7A2F}.Debug|Any CPU.ActiveCfg = Debug|Any CPU
		{428D5E34-D862-456F-A65D-C7C0D2FC7A2F}.Debug|Any CPU.Build.0 = Debug|Any CPU
		{428D5E34-D862-456F-A65D-C7C0D2FC7A2F}.Debug|Any CPU.Deploy.0 = Debug|Any CPU
		{428D5E34-D862-456F-A65D-C7C0D2FC7A2F}.Debug|x64.ActiveCfg = Debug|Any CPU
		{428D5E34-D862-456F-A65D-C7C0D2FC7A2F}.Debug|x64.Build.0 = Debug|Any CPU
		{428D5E34-D862-456F-A65D-C7C0D2FC7A2F}.Debug|x64.Deploy.0 = Debug|Any CPU
		{428D5E34-D862-456F-A65D-C7C0D2FC7A2F}.Debug|x86.ActiveCfg = Debug|Any CPU
		{428D5E34-D862-456F-A65D-C7C0D2FC7A2F}.Debug|x86.Build.0 = Debug|Any CPU
		{428D5E34-D862-456F-A65D-C7C0D2FC7A2F}.Debug|x86.Deploy.0 = Debug|Any CPU
		{428D5E34-D862-456F-A65D-C7C0D2FC7A2F}.Release|Any CPU.ActiveCfg = Release|Any CPU
		{428D5E34-D862-456F-A65D-C7C0D2FC7A2F}.Release|Any CPU.Build.0 = Release|Any CPU
		{428D5E34-D862-456F-A65D-C7C0D2FC7A2F}.Release|Any CPU.Deploy.0 = Release|Any CPU
		{428D5E34-D862-456F-A65D-C7C0D2FC7A2F}.Release|x64.ActiveCfg = Release|Any CPU
		{428D5E34-D862-456F-A65D-C7C0D2FC7A2F}.Release|x64.Build.0 = Release|Any CPU
		{428D5E34-D862-456F-A65D-C7C0D2FC7A2F}.Release|x64.Deploy.0 = Release|Any CPU
		{428D5E34-D862-456F-A65D-C7C0D2FC7A2F}.Release|x86.ActiveCfg = Release|Any CPU
		{428D5E34-D862-456F-A65D-C7C0D2FC7A2F}.Release|x86.Build.0 = Release|Any CPU
		{428D5E34-D862-456F-A65D-C7C0D2FC7A2F}.Release|x86.Deploy.0 = Release|Any CPU
		{D43E0B39-D610-4510-AB42-C778E2B99D94}.Debug|Any CPU.ActiveCfg = Debug|Any CPU
		{D43E0B39-D610-4510-AB42-C778E2B99D94}.Debug|Any CPU.Build.0 = Debug|Any CPU
		{D43E0B39-D610-4510-AB42-C778E2B99D94}.Debug|x64.ActiveCfg = Debug|Any CPU
		{D43E0B39-D610-4510-AB42-C778E2B99D94}.Debug|x64.Build.0 = Debug|Any CPU
		{D43E0B39-D610-4510-AB42-C778E2B99D94}.Debug|x86.ActiveCfg = Debug|Any CPU
		{D43E0B39-D610-4510-AB42-C778E2B99D94}.Debug|x86.Build.0 = Debug|Any CPU
		{D43E0B39-D610-4510-AB42-C778E2B99D94}.Release|Any CPU.ActiveCfg = Release|Any CPU
		{D43E0B39-D610-4510-AB42-C778E2B99D94}.Release|Any CPU.Build.0 = Release|Any CPU
		{D43E0B39-D610-4510-AB42-C778E2B99D94}.Release|x64.ActiveCfg = Release|Any CPU
		{D43E0B39-D610-4510-AB42-C778E2B99D94}.Release|x64.Build.0 = Release|Any CPU
		{D43E0B39-D610-4510-AB42-C778E2B99D94}.Release|x86.ActiveCfg = Release|Any CPU
		{D43E0B39-D610-4510-AB42-C778E2B99D94}.Release|x86.Build.0 = Release|Any CPU
	EndGlobalSection
	GlobalSection(SolutionProperties) = preSolution
		HideSolutionNode = FALSE
	EndGlobalSection
	GlobalSection(ExtensibilityGlobals) = postSolution
		SolutionGuid = {79C312E3-B00B-4E0A-9E04-2570F1490679}
	EndGlobalSection
EndGlobal
